// !$*UTF8*$!
{
	archiveVersion = 1;
	classes = {
	};
	objectVersion = 50;
	objects = {

/* Begin PBXBuildFile section */
		0819B6F82314331D008BF52A /* AppDelegate.swift in Sources */ = {isa = PBXBuildFile; fileRef = 0819B6F72314331C008BF52A /* AppDelegate.swift */; };
		0819B6FA2314331D008BF52A /* ViewController.swift in Sources */ = {isa = PBXBuildFile; fileRef = 0819B6F92314331D008BF52A /* ViewController.swift */; };
		0819B6FD2314331D008BF52A /* Main.storyboard in Resources */ = {isa = PBXBuildFile; fileRef = 0819B6FB2314331D008BF52A /* Main.storyboard */; };
		0819B6FF2314331D008BF52A /* Assets.xcassets in Resources */ = {isa = PBXBuildFile; fileRef = 0819B6FE2314331D008BF52A /* Assets.xcassets */; };
		0819B7022314331D008BF52A /* LaunchScreen.storyboard in Resources */ = {isa = PBXBuildFile; fileRef = 0819B7002314331D008BF52A /* LaunchScreen.storyboard */; };
		0819B70D2314331D008BF52A /* food_trackerTests.swift in Sources */ = {isa = PBXBuildFile; fileRef = 0819B70C2314331D008BF52A /* food_trackerTests.swift */; };
		0819B7182314331D008BF52A /* food_trackerUITests.swift in Sources */ = {isa = PBXBuildFile; fileRef = 0819B7172314331D008BF52A /* food_trackerUITests.swift */; };
/* End PBXBuildFile section */

/* Begin PBXContainerItemProxy section */
		0819B7092314331D008BF52A /* PBXContainerItemProxy */ = {
			isa = PBXContainerItemProxy;
			containerPortal = 0819B6EC2314331C008BF52A /* Project object */;
			proxyType = 1;
			remoteGlobalIDString = 0819B6F32314331C008BF52A;
			remoteInfo = "foodTracker";
		};
		0819B7142314331D008BF52A /* PBXContainerItemProxy */ = {
			isa = PBXContainerItemProxy;
			containerPortal = 0819B6EC2314331C008BF52A /* Project object */;
			proxyType = 1;
			remoteGlobalIDString = 0819B6F32314331C008BF52A;
			remoteInfo = "foodTracker";
		};
/* End PBXContainerItemProxy section */

/* Begin PBXFileReference section */
		0819B6F42314331C008BF52A /* foodTracker.app */ = {isa = PBXFileReference; explicitFileType = wrapper.application; includeInIndex = 0; path = "foodTracker.app"; sourceTree = BUILT_PRODUCTS_DIR; };
		0819B6F72314331C008BF52A /* AppDelegate.swift */ = {isa = PBXFileReference; lastKnownFileType = sourcecode.swift; path = AppDelegate.swift; sourceTree = "<group>"; };
		0819B6F92314331D008BF52A /* ViewController.swift */ = {isa = PBXFileReference; lastKnownFileType = sourcecode.swift; path = ViewController.swift; sourceTree = "<group>"; };
		0819B6FC2314331D008BF52A /* Base */ = {isa = PBXFileReference; lastKnownFileType = file.storyboard; name = Base; path = Base.lproj/Main.storyboard; sourceTree = "<group>"; };
		0819B6FE2314331D008BF52A /* Assets.xcassets */ = {isa = PBXFileReference; lastKnownFileType = folder.assetcatalog; path = Assets.xcassets; sourceTree = "<group>"; };
		0819B7012314331D008BF52A /* Base */ = {isa = PBXFileReference; lastKnownFileType = file.storyboard; name = Base; path = Base.lproj/LaunchScreen.storyboard; sourceTree = "<group>"; };
		0819B7032314331D008BF52A /* Info.plist */ = {isa = PBXFileReference; lastKnownFileType = text.plist.xml; path = Info.plist; sourceTree = "<group>"; };
		0819B7082314331D008BF52A /* foodTrackerTests.xctest */ = {isa = PBXFileReference; explicitFileType = wrapper.cfbundle; includeInIndex = 0; path = "foodTrackerTests.xctest"; sourceTree = BUILT_PRODUCTS_DIR; };
		0819B70C2314331D008BF52A /* food_trackerTests.swift */ = {isa = PBXFileReference; lastKnownFileType = sourcecode.swift; path = food_trackerTests.swift; sourceTree = "<group>"; };
		0819B70E2314331D008BF52A /* Info.plist */ = {isa = PBXFileReference; lastKnownFileType = text.plist.xml; path = Info.plist; sourceTree = "<group>"; };
		0819B7132314331D008BF52A /* foodTrackerUITests.xctest */ = {isa = PBXFileReference; explicitFileType = wrapper.cfbundle; includeInIndex = 0; path = "foodTrackerUITests.xctest"; sourceTree = BUILT_PRODUCTS_DIR; };
		0819B7172314331D008BF52A /* food_trackerUITests.swift */ = {isa = PBXFileReference; lastKnownFileType = sourcecode.swift; path = food_trackerUITests.swift; sourceTree = "<group>"; };
		0819B7192314331D008BF52A /* Info.plist */ = {isa = PBXFileReference; lastKnownFileType = text.plist.xml; path = Info.plist; sourceTree = "<group>"; };
/* End PBXFileReference section */

/* Begin PBXFrameworksBuildPhase section */
		0819B6F12314331C008BF52A /* Frameworks */ = {
			isa = PBXFrameworksBuildPhase;
			buildActionMask = 2147483647;
			files = (
			);
			runOnlyForDeploymentPostprocessing = 0;
		};
		0819B7052314331D008BF52A /* Frameworks */ = {
			isa = PBXFrameworksBuildPhase;
			buildActionMask = 2147483647;
			files = (
			);
			runOnlyForDeploymentPostprocessing = 0;
		};
		0819B7102314331D008BF52A /* Frameworks */ = {
			isa = PBXFrameworksBuildPhase;
			buildActionMask = 2147483647;
			files = (
			);
			runOnlyForDeploymentPostprocessing = 0;
		};
/* End PBXFrameworksBuildPhase section */

/* Begin PBXGroup section */
		0819B6EB2314331C008BF52A = {
			isa = PBXGroup;
			children = (
				0819B6F62314331C008BF52A /* foodTracker */,
				0819B70B2314331D008BF52A /* foodTrackerTests */,
				0819B7162314331D008BF52A /* foodTrackerUITests */,
				0819B6F52314331C008BF52A /* Products */,
			);
			sourceTree = "<group>";
		};
		0819B6F52314331C008BF52A /* Products */ = {
			isa = PBXGroup;
			children = (
				0819B6F42314331C008BF52A /* foodTracker.app */,
				0819B7082314331D008BF52A /* foodTrackerTests.xctest */,
				0819B7132314331D008BF52A /* foodTrackerUITests.xctest */,
			);
			name = Products;
			sourceTree = "<group>";
		};
		0819B6F62314331C008BF52A /* foodTracker */ = {
			isa = PBXGroup;
			children = (
				0819B6F72314331C008BF52A /* AppDelegate.swift */,
				0819B6F92314331D008BF52A /* ViewController.swift */,
				0819B6FB2314331D008BF52A /* Main.storyboard */,
				0819B6FE2314331D008BF52A /* Assets.xcassets */,
				0819B7002314331D008BF52A /* LaunchScreen.storyboard */,
				0819B7032314331D008BF52A /* Info.plist */,
			);
			path = foodTracker;
			sourceTree = "<group>";
		};
		0819B70B2314331D008BF52A /* foodTrackerTests */ = {
			isa = PBXGroup;
			children = (
				0819B70C2314331D008BF52A /* food_trackerTests.swift */,
				0819B70E2314331D008BF52A /* Info.plist */,
			);
			path = foodTrackerTests;
			sourceTree = "<group>";
		};
		0819B7162314331D008BF52A /* foodTrackerUITests */ = {
			isa = PBXGroup;
			children = (
				0819B7172314331D008BF52A /* food_trackerUITests.swift */,
				0819B7192314331D008BF52A /* Info.plist */,
			);
			path = foodTrackerUITests;
			sourceTree = "<group>";
		};
/* End PBXGroup section */

/* Begin PBXNativeTarget section */
		0819B6F32314331C008BF52A /* foodTracker */ = {
			isa = PBXNativeTarget;
			buildConfigurationList = 0819B71C2314331D008BF52A /* Build configuration list for PBXNativeTarget "foodTracker" */;
			buildPhases = (
				0819B6F02314331C008BF52A /* Sources */,
				0819B6F12314331C008BF52A /* Frameworks */,
				0819B6F22314331C008BF52A /* Resources */,
			);
			buildRules = (
			);
			dependencies = (
			);
			name = "foodTracker";
			productName = "foodTracker";
			productReference = 0819B6F42314331C008BF52A /* foodTracker.app */;
			productType = "com.apple.product-type.application";
		};
		0819B7072314331D008BF52A /* foodTrackerTests */ = {
			isa = PBXNativeTarget;
			buildConfigurationList = 0819B71F2314331D008BF52A /* Build configuration list for PBXNativeTarget "foodTrackerTests" */;
			buildPhases = (
				0819B7042314331D008BF52A /* Sources */,
				0819B7052314331D008BF52A /* Frameworks */,
				0819B7062314331D008BF52A /* Resources */,
			);
			buildRules = (
			);
			dependencies = (
				0819B70A2314331D008BF52A /* PBXTargetDependency */,
			);
			name = "foodTrackerTests";
			productName = "foodTrackerTests";
			productReference = 0819B7082314331D008BF52A /* foodTrackerTests.xctest */;
			productType = "com.apple.product-type.bundle.unit-test";
		};
		0819B7122314331D008BF52A /* foodTrackerUITests */ = {
			isa = PBXNativeTarget;
			buildConfigurationList = 0819B7222314331D008BF52A /* Build configuration list for PBXNativeTarget "foodTrackerUITests" */;
			buildPhases = (
				0819B70F2314331D008BF52A /* Sources */,
				0819B7102314331D008BF52A /* Frameworks */,
				0819B7112314331D008BF52A /* Resources */,
			);
			buildRules = (
			);
			dependencies = (
				0819B7152314331D008BF52A /* PBXTargetDependency */,
			);
			name = "foodTrackerUITests";
			productName = "foodTrackerUITests";
			productReference = 0819B7132314331D008BF52A /* foodTrackerUITests.xctest */;
			productType = "com.apple.product-type.bundle.ui-testing";
		};
/* End PBXNativeTarget section */

/* Begin PBXProject section */
		0819B6EC2314331C008BF52A /* Project object */ = {
			isa = PBXProject;
			attributes = {
				LastSwiftUpdateCheck = 1030;
				LastUpgradeCheck = 1030;
				ORGANIZATIONNAME = "Tommy Grazioli";
				TargetAttributes = {
					0819B6F32314331C008BF52A = {
						CreatedOnToolsVersion = 10.3;
					};
					0819B7072314331D008BF52A = {
						CreatedOnToolsVersion = 10.3;
						TestTargetID = 0819B6F32314331C008BF52A;
					};
					0819B7122314331D008BF52A = {
						CreatedOnToolsVersion = 10.3;
						TestTargetID = 0819B6F32314331C008BF52A;
					};
				};
			};
			buildConfigurationList = 0819B6EF2314331C008BF52A /* Build configuration list for PBXProject "foodTracker" */;
			compatibilityVersion = "Xcode 9.3";
			developmentRegion = en;
			hasScannedForEncodings = 0;
			knownRegions = (
				en,
				Base,
			);
			mainGroup = 0819B6EB2314331C008BF52A;
			productRefGroup = 0819B6F52314331C008BF52A /* Products */;
			projectDirPath = "";
			projectRoot = "";
			targets = (
				0819B6F32314331C008BF52A /* foodTracker */,
				0819B7072314331D008BF52A /* foodTrackerTests */,
				0819B7122314331D008BF52A /* foodTrackerUITests */,
			);
		};
/* End PBXProject section */

/* Begin PBXResourcesBuildPhase section */
		0819B6F22314331C008BF52A /* Resources */ = {
			isa = PBXResourcesBuildPhase;
			buildActionMask = 2147483647;
			files = (
				0819B7022314331D008BF52A /* LaunchScreen.storyboard in Resources */,
				0819B6FF2314331D008BF52A /* Assets.xcassets in Resources */,
				0819B6FD2314331D008BF52A /* Main.storyboard in Resources */,
			);
			runOnlyForDeploymentPostprocessing = 0;
		};
		0819B7062314331D008BF52A /* Resources */ = {
			isa = PBXResourcesBuildPhase;
			buildActionMask = 2147483647;
			files = (
			);
			runOnlyForDeploymentPostprocessing = 0;
		};
		0819B7112314331D008BF52A /* Resources */ = {
			isa = PBXResourcesBuildPhase;
			buildActionMask = 2147483647;
			files = (
			);
			runOnlyForDeploymentPostprocessing = 0;
		};
/* End PBXResourcesBuildPhase section */

/* Begin PBXSourcesBuildPhase section */
		0819B6F02314331C008BF52A /* Sources */ = {
			isa = PBXSourcesBuildPhase;
			buildActionMask = 2147483647;
			files = (
				0819B6FA2314331D008BF52A /* ViewController.swift in Sources */,
				0819B6F82314331D008BF52A /* AppDelegate.swift in Sources */,
			);
			runOnlyForDeploymentPostprocessing = 0;
		};
		0819B7042314331D008BF52A /* Sources */ = {
			isa = PBXSourcesBuildPhase;
			buildActionMask = 2147483647;
			files = (
				0819B70D2314331D008BF52A /* food_trackerTests.swift in Sources */,
			);
			runOnlyForDeploymentPostprocessing = 0;
		};
		0819B70F2314331D008BF52A /* Sources */ = {
			isa = PBXSourcesBuildPhase;
			buildActionMask = 2147483647;
			files = (
				0819B7182314331D008BF52A /* food_trackerUITests.swift in Sources */,
			);
			runOnlyForDeploymentPostprocessing = 0;
		};
/* End PBXSourcesBuildPhase section */

/* Begin PBXTargetDependency section */
		0819B70A2314331D008BF52A /* PBXTargetDependency */ = {
			isa = PBXTargetDependency;
			target = 0819B6F32314331C008BF52A /* foodTracker */;
			targetProxy = 0819B7092314331D008BF52A /* PBXContainerItemProxy */;
		};
		0819B7152314331D008BF52A /* PBXTargetDependency */ = {
			isa = PBXTargetDependency;
			target = 0819B6F32314331C008BF52A /* foodTracker */;
			targetProxy = 0819B7142314331D008BF52A /* PBXContainerItemProxy */;
		};
/* End PBXTargetDependency section */

/* Begin PBXVariantGroup section */
		0819B6FB2314331D008BF52A /* Main.storyboard */ = {
			isa = PBXVariantGroup;
			children = (
				0819B6FC2314331D008BF52A /* Base */,
			);
			name = Main.storyboard;
			sourceTree = "<group>";
		};
		0819B7002314331D008BF52A /* LaunchScreen.storyboard */ = {
			isa = PBXVariantGroup;
			children = (
				0819B7012314331D008BF52A /* Base */,
			);
			name = LaunchScreen.storyboard;
			sourceTree = "<group>";
		};
/* End PBXVariantGroup section */

/* Begin XCBuildConfiguration section */
		0819B71A2314331D008BF52A /* Debug */ = {
			isa = XCBuildConfiguration;
			buildSettings = {
				ALWAYS_SEARCH_USER_PATHS = NO;
				CLANG_ANALYZER_NONNULL = YES;
				CLANG_ANALYZER_NUMBER_OBJECT_CONVERSION = YES_AGGRESSIVE;
				CLANG_CXX_LANGUAGE_STANDARD = "gnu++14";
				CLANG_CXX_LIBRARY = "libc++";
				CLANG_ENABLE_MODULES = YES;
				CLANG_ENABLE_OBJC_ARC = YES;
				CLANG_ENABLE_OBJC_WEAK = YES;
				CLANG_WARN_BLOCK_CAPTURE_AUTORELEASING = YES;
				CLANG_WARN_BOOL_CONVERSION = YES;
				CLANG_WARN_COMMA = YES;
				CLANG_WARN_CONSTANT_CONVERSION = YES;
				CLANG_WARN_DEPRECATED_OBJC_IMPLEMENTATIONS = YES;
				CLANG_WARN_DIRECT_OBJC_ISA_USAGE = YES_ERROR;
				CLANG_WARN_DOCUMENTATION_COMMENTS = YES;
				CLANG_WARN_EMPTY_BODY = YES;
				CLANG_WARN_ENUM_CONVERSION = YES;
				CLANG_WARN_INFINITE_RECURSION = YES;
				CLANG_WARN_INT_CONVERSION = YES;
				CLANG_WARN_NON_LITERAL_NULL_CONVERSION = YES;
				CLANG_WARN_OBJC_IMPLICIT_RETAIN_SELF = YES;
				CLANG_WARN_OBJC_LITERAL_CONVERSION = YES;
				CLANG_WARN_OBJC_ROOT_CLASS = YES_ERROR;
				CLANG_WARN_RANGE_LOOP_ANALYSIS = YES;
				CLANG_WARN_STRICT_PROTOTYPES = YES;
				CLANG_WARN_SUSPICIOUS_MOVE = YES;
				CLANG_WARN_UNGUARDED_AVAILABILITY = YES_AGGRESSIVE;
				CLANG_WARN_UNREACHABLE_CODE = YES;
				CLANG_WARN__DUPLICATE_METHOD_MATCH = YES;
				CODE_SIGN_IDENTITY = "iPhone Developer";
				COPY_PHASE_STRIP = NO;
				DEBUG_INFORMATION_FORMAT = dwarf;
				ENABLE_STRICT_OBJC_MSGSEND = YES;
				ENABLE_TESTABILITY = YES;
				GCC_C_LANGUAGE_STANDARD = gnu11;
				GCC_DYNAMIC_NO_PIC = NO;
				GCC_NO_COMMON_BLOCKS = YES;
				GCC_OPTIMIZATION_LEVEL = 0;
				GCC_PREPROCESSOR_DEFINITIONS = (
					"DEBUG=1",
					"$(inherited)",
				);
				GCC_WARN_64_TO_32_BIT_CONVERSION = YES;
				GCC_WARN_ABOUT_RETURN_TYPE = YES_ERROR;
				GCC_WARN_UNDECLARED_SELECTOR = YES;
				GCC_WARN_UNINITIALIZED_AUTOS = YES_AGGRESSIVE;
				GCC_WARN_UNUSED_FUNCTION = YES;
				GCC_WARN_UNUSED_VARIABLE = YES;
				IPHONEOS_DEPLOYMENT_TARGET = 12.4;
				MTL_ENABLE_DEBUG_INFO = INCLUDE_SOURCE;
				MTL_FAST_MATH = YES;
				ONLY_ACTIVE_ARCH = YES;
				SDKROOT = iphoneos;
				SWIFT_ACTIVE_COMPILATION_CONDITIONS = DEBUG;
				SWIFT_OPTIMIZATION_LEVEL = "-Onone";
			};
			name = Debug;
		};
		0819B71B2314331D008BF52A /* Release */ = {
			isa = XCBuildConfiguration;
			buildSettings = {
				ALWAYS_SEARCH_USER_PATHS = NO;
				CLANG_ANALYZER_NONNULL = YES;
				CLANG_ANALYZER_NUMBER_OBJECT_CONVERSION = YES_AGGRESSIVE;
				CLANG_CXX_LANGUAGE_STANDARD = "gnu++14";
				CLANG_CXX_LIBRARY = "libc++";
				CLANG_ENABLE_MODULES = YES;
				CLANG_ENABLE_OBJC_ARC = YES;
				CLANG_ENABLE_OBJC_WEAK = YES;
				CLANG_WARN_BLOCK_CAPTURE_AUTORELEASING = YES;
				CLANG_WARN_BOOL_CONVERSION = YES;
				CLANG_WARN_COMMA = YES;
				CLANG_WARN_CONSTANT_CONVERSION = YES;
				CLANG_WARN_DEPRECATED_OBJC_IMPLEMENTATIONS = YES;
				CLANG_WARN_DIRECT_OBJC_ISA_USAGE = YES_ERROR;
				CLANG_WARN_DOCUMENTATION_COMMENTS = YES;
				CLANG_WARN_EMPTY_BODY = YES;
				CLANG_WARN_ENUM_CONVERSION = YES;
				CLANG_WARN_INFINITE_RECURSION = YES;
				CLANG_WARN_INT_CONVERSION = YES;
				CLANG_WARN_NON_LITERAL_NULL_CONVERSION = YES;
				CLANG_WARN_OBJC_IMPLICIT_RETAIN_SELF = YES;
				CLANG_WARN_OBJC_LITERAL_CONVERSION = YES;
				CLANG_WARN_OBJC_ROOT_CLASS = YES_ERROR;
				CLANG_WARN_RANGE_LOOP_ANALYSIS = YES;
				CLANG_WARN_STRICT_PROTOTYPES = YES;
				CLANG_WARN_SUSPICIOUS_MOVE = YES;
				CLANG_WARN_UNGUARDED_AVAILABILITY = YES_AGGRESSIVE;
				CLANG_WARN_UNREACHABLE_CODE = YES;
				CLANG_WARN__DUPLICATE_METHOD_MATCH = YES;
				CODE_SIGN_IDENTITY = "iPhone Developer";
				COPY_PHASE_STRIP = NO;
				DEBUG_INFORMATION_FORMAT = "dwarf-with-dsym";
				ENABLE_NS_ASSERTIONS = NO;
				ENABLE_STRICT_OBJC_MSGSEND = YES;
				GCC_C_LANGUAGE_STANDARD = gnu11;
				GCC_NO_COMMON_BLOCKS = YES;
				GCC_WARN_64_TO_32_BIT_CONVERSION = YES;
				GCC_WARN_ABOUT_RETURN_TYPE = YES_ERROR;
				GCC_WARN_UNDECLARED_SELECTOR = YES;
				GCC_WARN_UNINITIALIZED_AUTOS = YES_AGGRESSIVE;
				GCC_WARN_UNUSED_FUNCTION = YES;
				GCC_WARN_UNUSED_VARIABLE = YES;
				IPHONEOS_DEPLOYMENT_TARGET = 12.4;
				MTL_ENABLE_DEBUG_INFO = NO;
				MTL_FAST_MATH = YES;
				SDKROOT = iphoneos;
				SWIFT_COMPILATION_MODE = wholemodule;
				SWIFT_OPTIMIZATION_LEVEL = "-O";
				VALIDATE_PRODUCT = YES;
			};
			name = Release;
		};
		0819B71D2314331D008BF52A /* Debug */ = {
			isa = XCBuildConfiguration;
			buildSettings = {
				ASSETCATALOG_COMPILER_APPICON_NAME = AppIcon;
				CODE_SIGN_STYLE = Automatic;
				DEVELOPMENT_TEAM = ZU67DLW6WQ;
				INFOPLIST_FILE = "foodTracker/Info.plist";
				LD_RUNPATH_SEARCH_PATHS = (
					"$(inherited)",
					"@executable_path/Frameworks",
				);
				PRODUCT_BUNDLE_IDENTIFIER = "metech-code.food-tracker";
				PRODUCT_NAME = "$(TARGET_NAME)";
				SWIFT_VERSION = 5.0;
				TARGETED_DEVICE_FAMILY = "1,2";
			};
			name = Debug;
		};
		0819B71E2314331D008BF52A /* Release */ = {
			isa = XCBuildConfiguration;
			buildSettings = {
				ASSETCATALOG_COMPILER_APPICON_NAME = AppIcon;
				CODE_SIGN_STYLE = Automatic;
				DEVELOPMENT_TEAM = ZU67DLW6WQ;
				INFOPLIST_FILE = "foodTracker/Info.plist";
				LD_RUNPATH_SEARCH_PATHS = (
					"$(inherited)",
					"@executable_path/Frameworks",
				);
				PRODUCT_BUNDLE_IDENTIFIER = "metech-code.food-tracker";
				PRODUCT_NAME = "$(TARGET_NAME)";
				SWIFT_VERSION = 5.0;
				TARGETED_DEVICE_FAMILY = "1,2";
			};
			name = Release;
		};
		0819B7202314331D008BF52A /* Debug */ = {
			isa = XCBuildConfiguration;
			buildSettings = {
				ALWAYS_EMBED_SWIFT_STANDARD_LIBRARIES = YES;
				BUNDLE_LOADER = "$(TEST_HOST)";
				CODE_SIGN_STYLE = Automatic;
				DEVELOPMENT_TEAM = ZU67DLW6WQ;
				INFOPLIST_FILE = "foodTrackerTests/Info.plist";
				LD_RUNPATH_SEARCH_PATHS = (
					"$(inherited)",
					"@executable_path/Frameworks",
					"@loader_path/Frameworks",
				);
				PRODUCT_BUNDLE_IDENTIFIER = "metech-code.food-trackerTests";
				PRODUCT_NAME = "$(TARGET_NAME)";
				SWIFT_VERSION = 5.0;
				TARGETED_DEVICE_FAMILY = "1,2";
				TEST_HOST = "$(BUILT_PRODUCTS_DIR)/foodTracker.app/foodTracker";
			};
			name = Debug;
		};
		0819B7212314331D008BF52A /* Release */ = {
			isa = XCBuildConfiguration;
			buildSettings = {
				ALWAYS_EMBED_SWIFT_STANDARD_LIBRARIES = YES;
				BUNDLE_LOADER = "$(TEST_HOST)";
				CODE_SIGN_STYLE = Automatic;
				DEVELOPMENT_TEAM = ZU67DLW6WQ;
				INFOPLIST_FILE = "foodTrackerTests/Info.plist";
				LD_RUNPATH_SEARCH_PATHS = (
					"$(inherited)",
					"@executable_path/Frameworks",
					"@loader_path/Frameworks",
				);
				PRODUCT_BUNDLE_IDENTIFIER = "metech-code.food-trackerTests";
				PRODUCT_NAME = "$(TARGET_NAME)";
				SWIFT_VERSION = 5.0;
				TARGETED_DEVICE_FAMILY = "1,2";
				TEST_HOST = "$(BUILT_PRODUCTS_DIR)/foodTracker.app/foodTracker";
			};
			name = Release;
		};
		0819B7232314331D008BF52A /* Debug */ = {
			isa = XCBuildConfiguration;
			buildSettings = {
				ALWAYS_EMBED_SWIFT_STANDARD_LIBRARIES = YES;
				CODE_SIGN_STYLE = Automatic;
				DEVELOPMENT_TEAM = ZU67DLW6WQ;
				INFOPLIST_FILE = "foodTrackerUITests/Info.plist";
				LD_RUNPATH_SEARCH_PATHS = (
					"$(inherited)",
					"@executable_path/Frameworks",
					"@loader_path/Frameworks",
				);
				PRODUCT_BUNDLE_IDENTIFIER = "metech-code.food-trackerUITests";
				PRODUCT_NAME = "$(TARGET_NAME)";
				SWIFT_VERSION = 5.0;
				TARGETED_DEVICE_FAMILY = "1,2";
				TEST_TARGET_NAME = "foodTracker";
			};
			name = Debug;
		};
		0819B7242314331D008BF52A /* Release */ = {
			isa = XCBuildConfiguration;
			buildSettings = {
				ALWAYS_EMBED_SWIFT_STANDARD_LIBRARIES = YES;
				CODE_SIGN_STYLE = Automatic;
				DEVELOPMENT_TEAM = ZU67DLW6WQ;
				INFOPLIST_FILE = "foodTrackerUITests/Info.plist";
				LD_RUNPATH_SEARCH_PATHS = (
					"$(inherited)",
					"@executable_path/Frameworks",
					"@loader_path/Frameworks",
				);
				PRODUCT_BUNDLE_IDENTIFIER = "metech-code.food-trackerUITests";
				PRODUCT_NAME = "$(TARGET_NAME)";
				SWIFT_VERSION = 5.0;
				TARGETED_DEVICE_FAMILY = "1,2";
				TEST_TARGET_NAME = "foodTracker";
			};
			name = Release;
		};
/* End XCBuildConfiguration section */

/* Begin XCConfigurationList section */
		0819B6EF2314331C008BF52A /* Build configuration list for PBXProject "foodTracker" */ = {
			isa = XCConfigurationList;
			buildConfigurations = (
				0819B71A2314331D008BF52A /* Debug */,
				0819B71B2314331D008BF52A /* Release */,
			);
			defaultConfigurationIsVisible = 0;
			defaultConfigurationName = Release;
		};
		0819B71C2314331D008BF52A /* Build configuration list for PBXNativeTarget "foodTracker" */ = {
			isa = XCConfigurationList;
			buildConfigurations = (
				0819B71D2314331D008BF52A /* Debug */,
				0819B71E2314331D008BF52A /* Release */,
			);
			defaultConfigurationIsVisible = 0;
			defaultConfigurationName = Release;
		};
		0819B71F2314331D008BF52A /* Build configuration list for PBXNativeTarget "foodTrackerTests" */ = {
			isa = XCConfigurationList;
			buildConfigurations = (
				0819B7202314331D008BF52A /* Debug */,
				0819B7212314331D008BF52A /* Release */,
			);
			defaultConfigurationIsVisible = 0;
			defaultConfigurationName = Release;
		};
		0819B7222314331D008BF52A /* Build configuration list for PBXNativeTarget "foodTrackerUITests" */ = {
			isa = XCConfigurationList;
			buildConfigurations = (
				0819B7232314331D008BF52A /* Debug */,
				0819B7242314331D008BF52A /* Release */,
			);
			defaultConfigurationIsVisible = 0;
			defaultConfigurationName = Release;
		};
/* End XCConfigurationList section */
	};
	rootObject = 0819B6EC2314331C008BF52A /* Project object */;
}
